
Microsoft Visual Studio Solution File, Format Version 12.00
# Visual Studio 2012
Project("{FAE04EC0-301F-11D3-BF4B-00C04F79EFBC}") = "CSharp_client", "CSharp_client\CSharp_client.csproj", "{A81E6E33-899A-4620-A741-579E9DCED837}"
EndProject
Global
	GlobalSection(SolutionConfigurationPlatforms) = preSolution
		Debug|Any CPU = Debug|Any CPU
		Release|Any CPU = Release|Any CPU
	EndGlobalSection
	GlobalSection(ProjectConfigurationPlatforms) = postSolution
		{A81E6E33-899A-4620-A741-579E9DCED837}.Debug|Any CPU.ActiveCfg = Debug|Any CPU
		{A81E6E33-899A-4620-A741-579E9DCED837}.Debug|Any CPU.Build.0 = Debug|Any CPU
		{A81E6E33-899A-4620-A741-579E9DCED837}.Release|Any CPU.ActiveCfg = Release|Any CPU
		{A81E6E33-899A-4620-A741-579E9DCED837}.Release|Any CPU.Build.0 = Release|Any CPU
	EndGlobalSection
	GlobalSection(SolutionProperties) = preSolution
		HideSolutionNode = FALSE
	EndGlobalSection
EndGlobal
